// !$*UTF8*$!
{
	archiveVersion = 1;
	classes = {
	};
	objectVersion = 46;
	objects = {

/* Begin PBXBuildFile section */
		0E2F8FEC1748629A0084A18C /* cfunc.c in Sources */ = {isa = PBXBuildFile; fileRef = 0E2F8FE61748629A0084A18C /* cfunc.c */; };
		0E2F8FED1748629A0084A18C /* dict.c in Sources */ = {isa = PBXBuildFile; fileRef = 0E2F8FE71748629A0084A18C /* dict.c */; };
		0E2F8FEE1748629A0084A18C /* gc.c in Sources */ = {isa = PBXBuildFile; fileRef = 0E2F8FE81748629A0084A18C /* gc.c */; };
		0E2F8FEF1748629A0084A18C /* lisp.c in Sources */ = {isa = PBXBuildFile; fileRef = 0E2F8FE91748629A0084A18C /* lisp.c */; };
		0E2F8FF01748629A0084A18C /* main.c in Sources */ = {isa = PBXBuildFile; fileRef = 0E2F8FEB1748629A0084A18C /* main.c */; };
		0E5ED8EC174E336D00CA2952 /* eval.c in Sources */ = {isa = PBXBuildFile; fileRef = 0E5ED8EB174E336D00CA2952 /* eval.c */; };
/* End PBXBuildFile section */

/* Begin PBXCopyFilesBuildPhase section */
		0E2F8FD8174862330084A18C /* CopyFiles */ = {
			isa = PBXCopyFilesBuildPhase;
			buildActionMask = 2147483647;
			dstPath = /usr/share/man/man1/;
			dstSubfolderSpec = 0;
			files = (
			);
			runOnlyForDeploymentPostprocessing = 1;
		};
/* End PBXCopyFilesBuildPhase section */

/* Begin PBXFileReference section */
		0E2F8FDA174862330084A18C /* mlisp */ = {isa = PBXFileReference; explicitFileType = "compiled.mach-o.executable"; includeInIndex = 0; path = mlisp; sourceTree = BUILT_PRODUCTS_DIR; };
		0E2F8FE61748629A0084A18C /* cfunc.c */ = {isa = PBXFileReference; fileEncoding = 4; lastKnownFileType = sourcecode.c.c; path = cfunc.c; sourceTree = SOURCE_ROOT; };
		0E2F8FE71748629A0084A18C /* dict.c */ = {isa = PBXFileReference; fileEncoding = 4; lastKnownFileType = sourcecode.c.c; path = dict.c; sourceTree = SOURCE_ROOT; };
		0E2F8FE81748629A0084A18C /* gc.c */ = {isa = PBXFileReference; fileEncoding = 4; lastKnownFileType = sourcecode.c.c; path = gc.c; sourceTree = SOURCE_ROOT; };
		0E2F8FE91748629A0084A18C /* lisp.c */ = {isa = PBXFileReference; fileEncoding = 4; lastKnownFileType = sourcecode.c.c; path = lisp.c; sourceTree = SOURCE_ROOT; };
		0E2F8FEA1748629A0084A18C /* lisp.h */ = {isa = PBXFileReference; fileEncoding = 4; lastKnownFileType = sourcecode.c.h; path = lisp.h; sourceTree = SOURCE_ROOT; };
		0E2F8FEB1748629A0084A18C /* main.c */ = {isa = PBXFileReference; fileEncoding = 4; lastKnownFileType = sourcecode.c.c; path = main.c; sourceTree = SOURCE_ROOT; };
		0E5ED8EB174E336D00CA2952 /* eval.c */ = {isa = PBXFileReference; fileEncoding = 4; lastKnownFileType = sourcecode.c.c; path = eval.c; sourceTree = SOURCE_ROOT; };
/* End PBXFileReference section */

/* Begin PBXFrameworksBuildPhase section */
		0E2F8FD7174862330084A18C /* Frameworks */ = {
			isa = PBXFrameworksBuildPhase;
			buildActionMask = 2147483647;
			files = (
			);
			runOnlyForDeploymentPostprocessing = 0;
		};
/* End PBXFrameworksBuildPhase section */

/* Begin PBXGroup section */
		0E2F8FD1174862330084A18C = {
			isa = PBXGroup;
			children = (
				0E2F8FDC174862330084A18C /* mlisp */,
				0E2F8FDB174862330084A18C /* Products */,
			);
			sourceTree = "<group>";
		};
		0E2F8FDB174862330084A18C /* Products */ = {
			isa = PBXGroup;
			children = (
				0E2F8FDA174862330084A18C /* mlisp */,
			);
			name = Products;
			sourceTree = "<group>";
		};
		0E2F8FDC174862330084A18C /* mlisp */ = {
			isa = PBXGroup;
			children = (
				0E5ED8EB174E336D00CA2952 /* eval.c */,
				0E2F8FE61748629A0084A18C /* cfunc.c */,
				0E2F8FE71748629A0084A18C /* dict.c */,
				0E2F8FE81748629A0084A18C /* gc.c */,
				0E2F8FE91748629A0084A18C /* lisp.c */,
				0E2F8FEA1748629A0084A18C /* lisp.h */,
				0E2F8FEB1748629A0084A18C /* main.c */,
			);
			path = mlisp;
			sourceTree = "<group>";
		};
/* End PBXGroup section */

/* Begin PBXNativeTarget section */
		0E2F8FD9174862330084A18C /* mlisp */ = {
			isa = PBXNativeTarget;
			buildConfigurationList = 0E2F8FE3174862330084A18C /* Build configuration list for PBXNativeTarget "mlisp" */;
			buildPhases = (
				0E2F8FD6174862330084A18C /* Sources */,
				0E2F8FD7174862330084A18C /* Frameworks */,
				0E2F8FD8174862330084A18C /* CopyFiles */,
			);
			buildRules = (
			);
			dependencies = (
			);
			name = mlisp;
			productName = mlisp;
			productReference = 0E2F8FDA174862330084A18C /* mlisp */;
			productType = "com.apple.product-type.tool";
		};
/* End PBXNativeTarget section */

/* Begin PBXProject section */
		0E2F8FD2174862330084A18C /* Project object */ = {
			isa = PBXProject;
			attributes = {
				LastUpgradeCheck = 0460;
				ORGANIZATIONNAME = "HARADA Makoto";
			};
			buildConfigurationList = 0E2F8FD5174862330084A18C /* Build configuration list for PBXProject "mlisp" */;
			compatibilityVersion = "Xcode 3.2";
			developmentRegion = English;
			hasScannedForEncodings = 0;
			knownRegions = (
				en,
			);
			mainGroup = 0E2F8FD1174862330084A18C;
			productRefGroup = 0E2F8FDB174862330084A18C /* Products */;
			projectDirPath = "";
			projectRoot = "";
			targets = (
				0E2F8FD9174862330084A18C /* mlisp */,
			);
		};
/* End PBXProject section */

/* Begin PBXSourcesBuildPhase section */
		0E2F8FD6174862330084A18C /* Sources */ = {
			isa = PBXSourcesBuildPhase;
			buildActionMask = 2147483647;
			files = (
				0E2F8FEC1748629A0084A18C /* cfunc.c in Sources */,
				0E2F8FED1748629A0084A18C /* dict.c in Sources */,
				0E2F8FEE1748629A0084A18C /* gc.c in Sources */,
				0E2F8FEF1748629A0084A18C /* lisp.c in Sources */,
				0E2F8FF01748629A0084A18C /* main.c in Sources */,
				0E5ED8EC174E336D00CA2952 /* eval.c in Sources */,
			);
			runOnlyForDeploymentPostprocessing = 0;
		};
/* End PBXSourcesBuildPhase section */

/* Begin XCBuildConfiguration section */
		0E2F8FE1174862330084A18C /* Debug */ = {
			isa = XCBuildConfiguration;
			buildSettings = {
				ALWAYS_SEARCH_USER_PATHS = NO;
				ARCHS = "$(ARCHS_STANDARD_64_BIT)";
				CLANG_CXX_LANGUAGE_STANDARD = "gnu++0x";
				CLANG_CXX_LIBRARY = "libc++";
				CLANG_WARN_CONSTANT_CONVERSION = YES;
				CLANG_WARN_EMPTY_BODY = YES;
				CLANG_WARN_ENUM_CONVERSION = YES;
				CLANG_WARN_INT_CONVERSION = YES;
				CLANG_WARN__DUPLICATE_METHOD_MATCH = YES;
				COPY_PHASE_STRIP = NO;
				GCC_C_LANGUAGE_STANDARD = gnu99;
				GCC_DYNAMIC_NO_PIC = NO;
				GCC_ENABLE_OBJC_EXCEPTIONS = YES;
				GCC_OPTIMIZATION_LEVEL = 0;
				GCC_PREPROCESSOR_DEFINITIONS = (
					"DEBUG=1",
					"$(inherited)",
				);
				GCC_SYMBOLS_PRIVATE_EXTERN = NO;
				GCC_WARN_64_TO_32_BIT_CONVERSION = YES;
				GCC_WARN_ABOUT_RETURN_TYPE = YES;
				GCC_WARN_UNINITIALIZED_AUTOS = YES;
				GCC_WARN_UNUSED_VARIABLE = YES;
				MACOSX_DEPLOYMENT_TARGET = 10.8;
				ONLY_ACTIVE_ARCH = YES;
				SDKROOT = macosx;
			};
			name = Debug;
		};
		0E2F8FE2174862330084A18C /* Release */ = {
			isa = XCBuildConfiguration;
			buildSettings = {
				ALWAYS_SEARCH_USER_PATHS = NO;
				ARCHS = "$(ARCHS_STANDARD_64_BIT)";
				CLANG_CXX_LANGUAGE_STANDARD = "gnu++0x";
				CLANG_CXX_LIBRARY = "libc++";
				CLANG_WARN_CONSTANT_CONVERSION = YES;
				CLANG_WARN_EMPTY_BODY = YES;
				CLANG_WARN_ENUM_CONVERSION = YES;
				CLANG_WARN_INT_CONVERSION = YES;
				CLANG_WARN__DUPLICATE_METHOD_MATCH = YES;
				COPY_PHASE_STRIP = YES;
				DEBUG_INFORMATION_FORMAT = "dwarf-with-dsym";
				GCC_C_LANGUAGE_STANDARD = gnu99;
				GCC_ENABLE_OBJC_EXCEPTIONS = YES;
				GCC_WARN_64_TO_32_BIT_CONVERSION = YES;
				GCC_WARN_ABOUT_RETURN_TYPE = YES;
				GCC_WARN_UNINITIALIZED_AUTOS = YES;
				GCC_WARN_UNUSED_VARIABLE = YES;
				MACOSX_DEPLOYMENT_TARGET = 10.8;
				SDKROOT = macosx;
			};
			name = Release;
		};
		0E2F8FE4174862330084A18C /* Debug */ = {
			isa = XCBuildConfiguration;
			buildSettings = {
				PRODUCT_NAME = "$(TARGET_NAME)";
			};
			name = Debug;
		};
		0E2F8FE5174862330084A18C /* Release */ = {
			isa = XCBuildConfiguration;
			buildSettings = {
				PRODUCT_NAME = "$(TARGET_NAME)";
			};
			name = Release;
		};
/* End XCBuildConfiguration section */

/* Begin XCConfigurationList section */
		0E2F8FD5174862330084A18C /* Build configuration list for PBXProject "mlisp" */ = {
			isa = XCConfigurationList;
			buildConfigurations = (
				0E2F8FE1174862330084A18C /* Debug */,
				0E2F8FE2174862330084A18C /* Release */,
			);
			defaultConfigurationIsVisible = 0;
			defaultConfigurationName = Release;
		};
		0E2F8FE3174862330084A18C /* Build configuration list for PBXNativeTarget "mlisp" */ = {
			isa = XCConfigurationList;
			buildConfigurations = (
				0E2F8FE4174862330084A18C /* Debug */,
				0E2F8FE5174862330084A18C /* Release */,
			);
			defaultConfigurationIsVisible = 0;
			defaultConfigurationName = Release;
		};
/* End XCConfigurationList section */
	};
	rootObject = 0E2F8FD2174862330084A18C /* Project object */;
}
